{
    "version": 3,
    "terraform_version": "0.8.5",
    "serial": 4,
    "lineage": "fb89b214-05fe-4abd-9027-2e4f400f58f9",
    "modules": [
        {
            "path": [
                "root"
            ],
            "outputs": {
                "address": {
                    "sensitive": false,
                    "type": "string",
                    "value": "34.199.33.188"
                }
            },
            "resources": {
                "aws_eip.lb": {
                    "type": "aws_eip",
                    "depends_on": [
                        "aws_instance.web"
                    ],
                    "primary": {
                        "id": "eipalloc-6c7a6552",
                        "attributes": {
                            "association_id": "eipassoc-4b16f87a",
                            "domain": "vpc",
                            "id": "eipalloc-6c7a6552",
                            "instance": "i-06d744cf20537ffe2",
                            "network_interface": "eni-335c48f6",
                            "private_ip": "172.30.0.145",
                            "public_ip": "34.199.33.188",
                            "vpc": "true"
                        },
                        "meta": {},
                        "tainted": false
                    },
                    "deposed": [],
                    "provider": ""
                },
                "aws_instance.web": {
                    "type": "aws_instance",
                    "depends_on": [],
                    "primary": {
                        "id": "i-06d744cf20537ffe2",
                        "attributes": {
                            "ami": "ami-e13739f6",
                            "associate_public_ip_address": "true",
                            "availability_zone": "us-east-1a",
                            "disable_api_termination": "false",
                            "ebs_block_device.#": "0",
                            "ebs_optimized": "false",
                            "ephemeral_block_device.#": "0",
                            "iam_instance_profile": "",
                            "id": "i-06d744cf20537ffe2",
                            "instance_state": "running",
                            "instance_type": "t2.micro",
                            "key_name": "key_jdmr",
                            "monitoring": "false",
                            "network_interface_id": "eni-335c48f6",
                            "private_dns": "ip-172-30-0-145.ec2.internal",
                            "private_ip": "172.30.0.145",
                            "public_dns": "",
                            "public_ip": "52.206.174.117",
                            "root_block_device.#": "1",
                            "root_block_device.0.delete_on_termination": "true",
                            "root_block_device.0.iops": "100",
                            "root_block_device.0.volume_size": "8",
                            "root_block_device.0.volume_type": "gp2",
                            "security_groups.#": "0",
                            "source_dest_check": "true",
                            "subnet_id": "subnet-0a8ecb51",
                            "tags.%": "1",
                            "tags.Name": "prueba",
                            "tenancy": "default",
                            "vpc_security_group_ids.#": "1",
                            "vpc_security_group_ids.3539351502": "sg-ebdc5397"
                        },
                        "meta": {
                            "schema_version": "1"
                        },
                        "tainted": false
                    },
                    "deposed": [],
                    "provider": ""
                }
            },
            "depends_on": []
        }
    ]
}
